
Microsoft Visual Studio Solution File, Format Version 12.00
# Visual Studio Version 17
VisualStudioVersion = 17.1.32328.378
MinimumVisualStudioVersion = 10.0.40219.1
Project("{9A19103F-16F7-4668-BE54-9A1E7A4F7556}") = "RabbitSpike", "RabbitSpike\RabbitSpike.csproj", "{098E531A-4A6F-4CD7-AFF3-C0E03B51D469}"
EndProject
Project("{2150E333-8FDC-42A3-9474-1A3956D46DE8}") = "RabbitMq", "RabbitMq", "{138A5C94-673B-4923-A862-FA7C158DF5CA}"
EndProject
Global
	GlobalSection(SolutionConfigurationPlatforms) = preSolution
		Debug|Any CPU = Debug|Any CPU
		Release|Any CPU = Release|Any CPU
	EndGlobalSection
	GlobalSection(ProjectConfigurationPlatforms) = postSolution
		{098E531A-4A6F-4CD7-AFF3-C0E03B51D469}.Debug|Any CPU.ActiveCfg = Debug|Any CPU
		{098E531A-4A6F-4CD7-AFF3-C0E03B51D469}.Debug|Any CPU.Build.0 = Debug|Any CPU
		{098E531A-4A6F-4CD7-AFF3-C0E03B51D469}.Release|Any CPU.ActiveCfg = Release|Any CPU
		{098E531A-4A6F-4CD7-AFF3-C0E03B51D469}.Release|Any CPU.Build.0 = Release|Any CPU
	EndGlobalSection
	GlobalSection(SolutionProperties) = preSolution
		HideSolutionNode = FALSE
	EndGlobalSection
	GlobalSection(ExtensibilityGlobals) = postSolution
		SolutionGuid = {8ADF48CC-03CC-4EEA-B043-B30C2AC2CCB4}
	EndGlobalSection
EndGlobal
